{
  "nodes": {
    "coc-nvim": {
      "flake": false,
      "locked": {
        "lastModified": 1658937053,
        "narHash": "sha256-dE8HGjrSArANxwArEicXLjFKjn6INkJlIUYnIMBz2Ok=",
        "owner": "neoclide",
        "repo": "coc.nvim",
        "rev": "4cb09514fb5e4a3f9c6c34f6effa1c42dfbbd417",
        "type": "github"
      },
      "original": {
        "owner": "neoclide",
        "ref": "release",
        "repo": "coc.nvim",
        "type": "github"
      }
    },
    "envycontrol": {
      "flake": false,
      "locked": {
        "lastModified": 1653429262,
        "narHash": "sha256-u+B/KE5SwnMAN0Tn4ctJi+L54y44RCXUaEAkjG1xPuM=",
        "owner": "geminis3",
        "repo": "envycontrol",
        "rev": "9d0905b05537d7ec640c0f5f3404c50f7a6f18f7",
        "type": "github"
      },
      "original": {
        "owner": "geminis3",
        "repo": "envycontrol",
        "type": "github"
      }
    },
    "flameshot": {
      "flake": false,
      "locked": {
        "lastModified": 1658762152,
        "narHash": "sha256-lHVxvC/kxLLg9Ev9bpFGdiDLaFrT08Um44fWTmEIiDQ=",
        "owner": "flameshot-org",
        "repo": "flameshot",
        "rev": "001726a565049ebfeb237a3a39b77104899b970e",
        "type": "github"
      },
      "original": {
        "owner": "flameshot-org",
        "repo": "flameshot",
        "type": "github"
      }
    },
    "home-manager": {
      "inputs": {
        "nixpkgs": [
          "nixpkgs"
        ],
        "utils": "utils"
      },
      "locked": {
        "lastModified": 1658924727,
        "narHash": "sha256-Fhh9FK9CvuCLxG1WkWJPoendDeXKI4gHYTfezo1n2Zg=",
        "owner": "nix-community",
        "repo": "home-manager",
        "rev": "0e2f7876d2f2ae98a67d89a8bef8c49332aae5af",
        "type": "github"
      },
      "original": {
        "owner": "nix-community",
        "repo": "home-manager",
        "type": "github"
      }
    },
    "neovim": {
      "flake": false,
      "locked": {
        "lastModified": 1659061920,
        "narHash": "sha256-+yzw9ce/FfdgMmOqLz2NR4JbFnqVT3mJTfuuAQFxfDc=",
        "owner": "neovim",
        "repo": "neovim",
        "rev": "0b8bade493235cda9d8ab3ed138d6c94d7cef759",
        "type": "github"
      },
      "original": {
        "owner": "neovim",
        "ref": "master",
        "repo": "neovim",
        "type": "github"
      }
    },
    "nixpkgs": {
      "locked": {
        "lastModified": 1658916876,
        "narHash": "sha256-BG7MCClmy9esk8pZLCtKoggNv91tAMm7P6dGHXMl3zc=",
        "owner": "NixOS",
        "repo": "nixpkgs",
        "rev": "2b0dd45aca6a260762395ca2e94beab247f455a7",
        "type": "github"
      },
      "original": {
        "id": "nixpkgs",
        "ref": "nixos-unstable",
        "type": "indirect"
      }
    },
    "nurpkgs": {
      "locked": {
        "lastModified": 1659070406,
        "narHash": "sha256-ROK9eX57+YzbhQCaCES5A01ng7EQoL+lUTdpW1ag6yk=",
        "owner": "nix-community",
        "repo": "NUR",
        "rev": "575c6de962b235fccd15ae9ffc31da89dc212f4e",
        "type": "github"
      },
      "original": {
        "owner": "nix-community",
        "repo": "NUR",
        "type": "github"
      }
    },
    "picom": {
      "flake": false,
      "locked": {
        "lastModified": 1635984309,
        "narHash": "sha256-1hVFBGo4Ieke2T9PqMur1w4D0bz/L3FAvfujY9Zergw=",
        "owner": "ibhagwan",
        "repo": "picom",
        "rev": "c4107bb6cc17773fdc6c48bb2e475ef957513c7a",
        "type": "github"
      },
      "original": {
        "owner": "ibhagwan",
        "repo": "picom",
        "type": "github"
      }
    },
    "root": {
      "inputs": {
        "coc-nvim": "coc-nvim",
        "envycontrol": "envycontrol",
        "flameshot": "flameshot",
        "home-manager": "home-manager",
        "neovim": "neovim",
        "nixpkgs": "nixpkgs",
        "nurpkgs": "nurpkgs",
        "picom": "picom",
        "shrimp-vim": "shrimp-vim",
        "yuck-vim": "yuck-vim"
      }
    },
    "shrimp-vim": {
      "flake": false,
      "locked": {
        "lastModified": 1653722766,
        "narHash": "sha256-hbpAJvouBjOv/myh+djA8rUZG+EOPm5Hti3BF3eFbFQ=",
        "owner": "helium18",
        "repo": "tender.vim",
        "rev": "b4e802ca58226e89647f140caf0f94432816daa2",
        "type": "github"
      },
      "original": {
        "owner": "helium18",
        "repo": "tender.vim",
        "type": "github"
      }
    },
    "utils": {
      "locked": {
        "lastModified": 1653893745,
        "narHash": "sha256-0jntwV3Z8//YwuOjzhV2sgJJPt+HY6KhU7VZUL0fKZQ=",
        "owner": "numtide",
        "repo": "flake-utils",
        "rev": "1ed9fb1935d260de5fe1c2f7ee0ebaae17ed2fa1",
        "type": "github"
      },
      "original": {
        "owner": "numtide",
        "repo": "flake-utils",
        "type": "github"
      }
    },
    "yuck-vim": {
      "flake": false,
      "locked": {
        "lastModified": 1628507071,
        "narHash": "sha256-lp7qJWkvelVfoLCyI0aAiajTC+0W1BzDhmtta7tnICE=",
        "owner": "elkowar",
        "repo": "yuck.vim",
        "rev": "6dc3da77c53820c32648cf67cbdbdfb6994f4e08",
        "type": "github"
      },
      "original": {
        "owner": "elkowar",
        "repo": "yuck.vim",
        "type": "github"
      }
    }
  },
  "root": "root",
  "version": 7
}
